// !$*UTF8*$!
{
	archiveVersion = 1;
	classes = {
	};
	objectVersion = 56;
	objects = {

/* Begin PBXBuildFile section */
		CF158FCF29CB74D100496F65 /* FixturesView.swift in Sources */ = {isa = PBXBuildFile; fileRef = CF158FCE29CB74D100496F65 /* FixturesView.swift */; };
		CF158FD129CB74D900496F65 /* FixturesViewModel.swift in Sources */ = {isa = PBXBuildFile; fileRef = CF158FD029CB74D900496F65 /* FixturesViewModel.swift */; };
		CF24A62129CA50790027BFC0 /* EnglishPremierLeagueApp.swift in Sources */ = {isa = PBXBuildFile; fileRef = CF24A62029CA50790027BFC0 /* EnglishPremierLeagueApp.swift */; };
		CF24A62529CA507B0027BFC0 /* Assets.xcassets in Resources */ = {isa = PBXBuildFile; fileRef = CF24A62429CA507B0027BFC0 /* Assets.xcassets */; };
		CF24A62829CA507B0027BFC0 /* Preview Assets.xcassets in Resources */ = {isa = PBXBuildFile; fileRef = CF24A62729CA507B0027BFC0 /* Preview Assets.xcassets */; };
		CF24A63429CA82C70027BFC0 /* FixturesResponse.swift in Sources */ = {isa = PBXBuildFile; fileRef = CF24A63329CA82C70027BFC0 /* FixturesResponse.swift */; };
		CF24A63629CA83710027BFC0 /* EnglishLeagueTarget.swift in Sources */ = {isa = PBXBuildFile; fileRef = CF24A63529CA83710027BFC0 /* EnglishLeagueTarget.swift */; };
		CF6A5F1029CBBFF300267D85 /* FixtureCell.swift in Sources */ = {isa = PBXBuildFile; fileRef = CF6A5F0F29CBBFF300267D85 /* FixtureCell.swift */; };
		CF6A5F1229CBD2B000267D85 /* FixtureCellViewModel.swift in Sources */ = {isa = PBXBuildFile; fileRef = CF6A5F1129CBD2B000267D85 /* FixtureCellViewModel.swift */; };
		EF7AFA95B94547A8652DDBDB /* Pods_EnglishPremierLeague.framework in Frameworks */ = {isa = PBXBuildFile; fileRef = 82FFCBEE067CC88B81FD4D80 /* Pods_EnglishPremierLeague.framework */; };
/* End PBXBuildFile section */

/* Begin PBXFileReference section */
		6D35F6B0B665266D39E12247 /* Pods-EnglishPremierLeague.release.xcconfig */ = {isa = PBXFileReference; includeInIndex = 1; lastKnownFileType = text.xcconfig; name = "Pods-EnglishPremierLeague.release.xcconfig"; path = "Target Support Files/Pods-EnglishPremierLeague/Pods-EnglishPremierLeague.release.xcconfig"; sourceTree = "<group>"; };
		82FFCBEE067CC88B81FD4D80 /* Pods_EnglishPremierLeague.framework */ = {isa = PBXFileReference; explicitFileType = wrapper.framework; includeInIndex = 0; path = Pods_EnglishPremierLeague.framework; sourceTree = BUILT_PRODUCTS_DIR; };
		C24A8D9402334CA220881399 /* Pods-EnglishPremierLeague.debug.xcconfig */ = {isa = PBXFileReference; includeInIndex = 1; lastKnownFileType = text.xcconfig; name = "Pods-EnglishPremierLeague.debug.xcconfig"; path = "Target Support Files/Pods-EnglishPremierLeague/Pods-EnglishPremierLeague.debug.xcconfig"; sourceTree = "<group>"; };
		CF158FCE29CB74D100496F65 /* FixturesView.swift */ = {isa = PBXFileReference; lastKnownFileType = sourcecode.swift; path = FixturesView.swift; sourceTree = "<group>"; };
		CF158FD029CB74D900496F65 /* FixturesViewModel.swift */ = {isa = PBXFileReference; lastKnownFileType = sourcecode.swift; path = FixturesViewModel.swift; sourceTree = "<group>"; };
		CF24A61D29CA50790027BFC0 /* EnglishPremierLeague.app */ = {isa = PBXFileReference; explicitFileType = wrapper.application; includeInIndex = 0; path = EnglishPremierLeague.app; sourceTree = BUILT_PRODUCTS_DIR; };
		CF24A62029CA50790027BFC0 /* EnglishPremierLeagueApp.swift */ = {isa = PBXFileReference; lastKnownFileType = sourcecode.swift; path = EnglishPremierLeagueApp.swift; sourceTree = "<group>"; };
		CF24A62429CA507B0027BFC0 /* Assets.xcassets */ = {isa = PBXFileReference; lastKnownFileType = folder.assetcatalog; path = Assets.xcassets; sourceTree = "<group>"; };
		CF24A62729CA507B0027BFC0 /* Preview Assets.xcassets */ = {isa = PBXFileReference; lastKnownFileType = folder.assetcatalog; path = "Preview Assets.xcassets"; sourceTree = "<group>"; };
		CF24A63329CA82C70027BFC0 /* FixturesResponse.swift */ = {isa = PBXFileReference; lastKnownFileType = sourcecode.swift; path = FixturesResponse.swift; sourceTree = "<group>"; };
		CF24A63529CA83710027BFC0 /* EnglishLeagueTarget.swift */ = {isa = PBXFileReference; lastKnownFileType = sourcecode.swift; path = EnglishLeagueTarget.swift; sourceTree = "<group>"; };
		CF6A5F0F29CBBFF300267D85 /* FixtureCell.swift */ = {isa = PBXFileReference; lastKnownFileType = sourcecode.swift; path = FixtureCell.swift; sourceTree = "<group>"; };
		CF6A5F1129CBD2B000267D85 /* FixtureCellViewModel.swift */ = {isa = PBXFileReference; lastKnownFileType = sourcecode.swift; path = FixtureCellViewModel.swift; sourceTree = "<group>"; };
/* End PBXFileReference section */

/* Begin PBXFrameworksBuildPhase section */
		CF24A61A29CA50790027BFC0 /* Frameworks */ = {
			isa = PBXFrameworksBuildPhase;
			buildActionMask = 2147483647;
			files = (
				EF7AFA95B94547A8652DDBDB /* Pods_EnglishPremierLeague.framework in Frameworks */,
			);
			runOnlyForDeploymentPostprocessing = 0;
		};
/* End PBXFrameworksBuildPhase section */

/* Begin PBXGroup section */
		610202F368C2FDAFCA90C320 /* Pods */ = {
			isa = PBXGroup;
			children = (
				C24A8D9402334CA220881399 /* Pods-EnglishPremierLeague.debug.xcconfig */,
				6D35F6B0B665266D39E12247 /* Pods-EnglishPremierLeague.release.xcconfig */,
			);
			path = Pods;
			sourceTree = "<group>";
		};
		B6777E86336E1CB7631FF5DE /* Frameworks */ = {
			isa = PBXGroup;
			children = (
				82FFCBEE067CC88B81FD4D80 /* Pods_EnglishPremierLeague.framework */,
			);
			name = Frameworks;
			sourceTree = "<group>";
		};
		CF158FCB29CB459000496F65 /* Views */ = {
			isa = PBXGroup;
			children = (
				CF6A5F1329CBDE2B00267D85 /* FixturesView */,
				CF6A5F1429CBDE3500267D85 /* FixtureCell */,
			);
			path = Views;
			sourceTree = "<group>";
		};
		CF24A61429CA50790027BFC0 = {
			isa = PBXGroup;
			children = (
				CF24A61F29CA50790027BFC0 /* EnglishPremierLeague */,
				CF24A61E29CA50790027BFC0 /* Products */,
				610202F368C2FDAFCA90C320 /* Pods */,
				B6777E86336E1CB7631FF5DE /* Frameworks */,
			);
			sourceTree = "<group>";
		};
		CF24A61E29CA50790027BFC0 /* Products */ = {
			isa = PBXGroup;
			children = (
				CF24A61D29CA50790027BFC0 /* EnglishPremierLeague.app */,
			);
			name = Products;
			sourceTree = "<group>";
		};
		CF24A61F29CA50790027BFC0 /* EnglishPremierLeague */ = {
			isa = PBXGroup;
			children = (
				CF158FCB29CB459000496F65 /* Views */,
				CF24A63229CA82AF0027BFC0 /* Models */,
				CF24A62E29CA75C70027BFC0 /* Network */,
				CF24A62029CA50790027BFC0 /* EnglishPremierLeagueApp.swift */,
				CF24A62429CA507B0027BFC0 /* Assets.xcassets */,
				CF24A62629CA507B0027BFC0 /* Preview Content */,
			);
			path = EnglishPremierLeague;
			sourceTree = "<group>";
		};
		CF24A62629CA507B0027BFC0 /* Preview Content */ = {
			isa = PBXGroup;
			children = (
				CF24A62729CA507B0027BFC0 /* Preview Assets.xcassets */,
			);
			path = "Preview Content";
			sourceTree = "<group>";
		};
		CF24A62E29CA75C70027BFC0 /* Network */ = {
			isa = PBXGroup;
			children = (
				CF24A63529CA83710027BFC0 /* EnglishLeagueTarget.swift */,
			);
			path = Network;
			sourceTree = "<group>";
		};
		CF24A63229CA82AF0027BFC0 /* Models */ = {
			isa = PBXGroup;
			children = (
				CF24A63329CA82C70027BFC0 /* FixturesResponse.swift */,
			);
			path = Models;
			sourceTree = "<group>";
		};
		CF6A5F1329CBDE2B00267D85 /* FixturesView */ = {
			isa = PBXGroup;
			children = (
				CF158FCE29CB74D100496F65 /* FixturesView.swift */,
				CF158FD029CB74D900496F65 /* FixturesViewModel.swift */,
			);
			path = FixturesView;
			sourceTree = "<group>";
		};
		CF6A5F1429CBDE3500267D85 /* FixtureCell */ = {
			isa = PBXGroup;
			children = (
				CF6A5F0F29CBBFF300267D85 /* FixtureCell.swift */,
				CF6A5F1129CBD2B000267D85 /* FixtureCellViewModel.swift */,
			);
			path = FixtureCell;
			sourceTree = "<group>";
		};
/* End PBXGroup section */

/* Begin PBXNativeTarget section */
		CF24A61C29CA50790027BFC0 /* EnglishPremierLeague */ = {
			isa = PBXNativeTarget;
			buildConfigurationList = CF24A62B29CA507B0027BFC0 /* Build configuration list for PBXNativeTarget "EnglishPremierLeague" */;
			buildPhases = (
				21EC5DC903B23F3DBFC97087 /* [CP] Check Pods Manifest.lock */,
				CF24A61929CA50790027BFC0 /* Sources */,
				CF24A61A29CA50790027BFC0 /* Frameworks */,
				CF24A61B29CA50790027BFC0 /* Resources */,
				A7C2A01BE75B1450CA6A99CB /* [CP] Embed Pods Frameworks */,
			);
			buildRules = (
			);
			dependencies = (
			);
			name = EnglishPremierLeague;
			productName = EnglishPremierLeague;
			productReference = CF24A61D29CA50790027BFC0 /* EnglishPremierLeague.app */;
			productType = "com.apple.product-type.application";
		};
/* End PBXNativeTarget section */

/* Begin PBXProject section */
		CF24A61529CA50790027BFC0 /* Project object */ = {
			isa = PBXProject;
			attributes = {
				BuildIndependentTargetsInParallel = 1;
				LastSwiftUpdateCheck = 1420;
				LastUpgradeCheck = 1420;
				TargetAttributes = {
					CF24A61C29CA50790027BFC0 = {
						CreatedOnToolsVersion = 14.2;
					};
				};
			};
			buildConfigurationList = CF24A61829CA50790027BFC0 /* Build configuration list for PBXProject "EnglishPremierLeague" */;
			compatibilityVersion = "Xcode 14.0";
			developmentRegion = en;
			hasScannedForEncodings = 0;
			knownRegions = (
				en,
				Base,
			);
			mainGroup = CF24A61429CA50790027BFC0;
			productRefGroup = CF24A61E29CA50790027BFC0 /* Products */;
			projectDirPath = "";
			projectRoot = "";
			targets = (
				CF24A61C29CA50790027BFC0 /* EnglishPremierLeague */,
			);
		};
/* End PBXProject section */

/* Begin PBXResourcesBuildPhase section */
		CF24A61B29CA50790027BFC0 /* Resources */ = {
			isa = PBXResourcesBuildPhase;
			buildActionMask = 2147483647;
			files = (
				CF24A62829CA507B0027BFC0 /* Preview Assets.xcassets in Resources */,
				CF24A62529CA507B0027BFC0 /* Assets.xcassets in Resources */,
			);
			runOnlyForDeploymentPostprocessing = 0;
		};
/* End PBXResourcesBuildPhase section */

/* Begin PBXShellScriptBuildPhase section */
		21EC5DC903B23F3DBFC97087 /* [CP] Check Pods Manifest.lock */ = {
			isa = PBXShellScriptBuildPhase;
			buildActionMask = 2147483647;
			files = (
			);
			inputFileListPaths = (
			);
			inputPaths = (
				"${PODS_PODFILE_DIR_PATH}/Podfile.lock",
				"${PODS_ROOT}/Manifest.lock",
			);
			name = "[CP] Check Pods Manifest.lock";
			outputFileListPaths = (
			);
			outputPaths = (
				"$(DERIVED_FILE_DIR)/Pods-EnglishPremierLeague-checkManifestLockResult.txt",
			);
			runOnlyForDeploymentPostprocessing = 0;
			shellPath = /bin/sh;
			shellScript = "diff \"${PODS_PODFILE_DIR_PATH}/Podfile.lock\" \"${PODS_ROOT}/Manifest.lock\" > /dev/null\nif [ $? != 0 ] ; then\n    # print error to STDERR\n    echo \"error: The sandbox is not in sync with the Podfile.lock. Run 'pod install' or update your CocoaPods installation.\" >&2\n    exit 1\nfi\n# This output is used by Xcode 'outputs' to avoid re-running this script phase.\necho \"SUCCESS\" > \"${SCRIPT_OUTPUT_FILE_0}\"\n";
			showEnvVarsInLog = 0;
		};
		A7C2A01BE75B1450CA6A99CB /* [CP] Embed Pods Frameworks */ = {
			isa = PBXShellScriptBuildPhase;
			buildActionMask = 2147483647;
			files = (
			);
			inputFileListPaths = (
				"${PODS_ROOT}/Target Support Files/Pods-EnglishPremierLeague/Pods-EnglishPremierLeague-frameworks-${CONFIGURATION}-input-files.xcfilelist",
			);
			name = "[CP] Embed Pods Frameworks";
			outputFileListPaths = (
				"${PODS_ROOT}/Target Support Files/Pods-EnglishPremierLeague/Pods-EnglishPremierLeague-frameworks-${CONFIGURATION}-output-files.xcfilelist",
			);
			runOnlyForDeploymentPostprocessing = 0;
			shellPath = /bin/sh;
			shellScript = "\"${PODS_ROOT}/Target Support Files/Pods-EnglishPremierLeague/Pods-EnglishPremierLeague-frameworks.sh\"\n";
			showEnvVarsInLog = 0;
		};
/* End PBXShellScriptBuildPhase section */

/* Begin PBXSourcesBuildPhase section */
		CF24A61929CA50790027BFC0 /* Sources */ = {
			isa = PBXSourcesBuildPhase;
			buildActionMask = 2147483647;
			files = (
				CF6A5F1229CBD2B000267D85 /* FixtureCellViewModel.swift in Sources */,
				CF24A63429CA82C70027BFC0 /* FixturesResponse.swift in Sources */,
				CF6A5F1029CBBFF300267D85 /* FixtureCell.swift in Sources */,
				CF24A63629CA83710027BFC0 /* EnglishLeagueTarget.swift in Sources */,
				CF24A62129CA50790027BFC0 /* EnglishPremierLeagueApp.swift in Sources */,
				CF158FD129CB74D900496F65 /* FixturesViewModel.swift in Sources */,
				CF158FCF29CB74D100496F65 /* FixturesView.swift in Sources */,
			);
			runOnlyForDeploymentPostprocessing = 0;
		};
/* End PBXSourcesBuildPhase section */

/* Begin XCBuildConfiguration section */
		CF24A62929CA507B0027BFC0 /* Debug */ = {
			isa = XCBuildConfiguration;
			buildSettings = {
				ALWAYS_SEARCH_USER_PATHS = NO;
				CLANG_ANALYZER_NONNULL = YES;
				CLANG_ANALYZER_NUMBER_OBJECT_CONVERSION = YES_AGGRESSIVE;
				CLANG_CXX_LANGUAGE_STANDARD = "gnu++20";
				CLANG_ENABLE_MODULES = YES;
				CLANG_ENABLE_OBJC_ARC = YES;
				CLANG_ENABLE_OBJC_WEAK = YES;
				CLANG_WARN_BLOCK_CAPTURE_AUTORELEASING = YES;
				CLANG_WARN_BOOL_CONVERSION = YES;
				CLANG_WARN_COMMA = YES;
				CLANG_WARN_CONSTANT_CONVERSION = YES;
				CLANG_WARN_DEPRECATED_OBJC_IMPLEMENTATIONS = YES;
				CLANG_WARN_DIRECT_OBJC_ISA_USAGE = YES_ERROR;
				CLANG_WARN_DOCUMENTATION_COMMENTS = YES;
				CLANG_WARN_EMPTY_BODY = YES;
				CLANG_WARN_ENUM_CONVERSION = YES;
				CLANG_WARN_INFINITE_RECURSION = YES;
				CLANG_WARN_INT_CONVERSION = YES;
				CLANG_WARN_NON_LITERAL_NULL_CONVERSION = YES;
				CLANG_WARN_OBJC_IMPLICIT_RETAIN_SELF = YES;
				CLANG_WARN_OBJC_LITERAL_CONVERSION = YES;
				CLANG_WARN_OBJC_ROOT_CLASS = YES_ERROR;
				CLANG_WARN_QUOTED_INCLUDE_IN_FRAMEWORK_HEADER = YES;
				CLANG_WARN_RANGE_LOOP_ANALYSIS = YES;
				CLANG_WARN_STRICT_PROTOTYPES = YES;
				CLANG_WARN_SUSPICIOUS_MOVE = YES;
				CLANG_WARN_UNGUARDED_AVAILABILITY = YES_AGGRESSIVE;
				CLANG_WARN_UNREACHABLE_CODE = YES;
				CLANG_WARN__DUPLICATE_METHOD_MATCH = YES;
				COPY_PHASE_STRIP = NO;
				DEBUG_INFORMATION_FORMAT = dwarf;
				ENABLE_STRICT_OBJC_MSGSEND = YES;
				ENABLE_TESTABILITY = YES;
				GCC_C_LANGUAGE_STANDARD = gnu11;
				GCC_DYNAMIC_NO_PIC = NO;
				GCC_NO_COMMON_BLOCKS = YES;
				GCC_OPTIMIZATION_LEVEL = 0;
				GCC_PREPROCESSOR_DEFINITIONS = (
					"DEBUG=1",
					"$(inherited)",
				);
				GCC_WARN_64_TO_32_BIT_CONVERSION = YES;
				GCC_WARN_ABOUT_RETURN_TYPE = YES_ERROR;
				GCC_WARN_UNDECLARED_SELECTOR = YES;
				GCC_WARN_UNINITIALIZED_AUTOS = YES_AGGRESSIVE;
				GCC_WARN_UNUSED_FUNCTION = YES;
				GCC_WARN_UNUSED_VARIABLE = YES;
				IPHONEOS_DEPLOYMENT_TARGET = 16.2;
				MTL_ENABLE_DEBUG_INFO = INCLUDE_SOURCE;
				MTL_FAST_MATH = YES;
				ONLY_ACTIVE_ARCH = YES;
				SDKROOT = iphoneos;
				SWIFT_ACTIVE_COMPILATION_CONDITIONS = DEBUG;
				SWIFT_OPTIMIZATION_LEVEL = "-Onone";
			};
			name = Debug;
		};
		CF24A62A29CA507B0027BFC0 /* Release */ = {
			isa = XCBuildConfiguration;
			buildSettings = {
				ALWAYS_SEARCH_USER_PATHS = NO;
				CLANG_ANALYZER_NONNULL = YES;
				CLANG_ANALYZER_NUMBER_OBJECT_CONVERSION = YES_AGGRESSIVE;
				CLANG_CXX_LANGUAGE_STANDARD = "gnu++20";
				CLANG_ENABLE_MODULES = YES;
				CLANG_ENABLE_OBJC_ARC = YES;
				CLANG_ENABLE_OBJC_WEAK = YES;
				CLANG_WARN_BLOCK_CAPTURE_AUTORELEASING = YES;
				CLANG_WARN_BOOL_CONVERSION = YES;
				CLANG_WARN_COMMA = YES;
				CLANG_WARN_CONSTANT_CONVERSION = YES;
				CLANG_WARN_DEPRECATED_OBJC_IMPLEMENTATIONS = YES;
				CLANG_WARN_DIRECT_OBJC_ISA_USAGE = YES_ERROR;
				CLANG_WARN_DOCUMENTATION_COMMENTS = YES;
				CLANG_WARN_EMPTY_BODY = YES;
				CLANG_WARN_ENUM_CONVERSION = YES;
				CLANG_WARN_INFINITE_RECURSION = YES;
				CLANG_WARN_INT_CONVERSION = YES;
				CLANG_WARN_NON_LITERAL_NULL_CONVERSION = YES;
				CLANG_WARN_OBJC_IMPLICIT_RETAIN_SELF = YES;
				CLANG_WARN_OBJC_LITERAL_CONVERSION = YES;
				CLANG_WARN_OBJC_ROOT_CLASS = YES_ERROR;
				CLANG_WARN_QUOTED_INCLUDE_IN_FRAMEWORK_HEADER = YES;
				CLANG_WARN_RANGE_LOOP_ANALYSIS = YES;
				CLANG_WARN_STRICT_PROTOTYPES = YES;
				CLANG_WARN_SUSPICIOUS_MOVE = YES;
				CLANG_WARN_UNGUARDED_AVAILABILITY = YES_AGGRESSIVE;
				CLANG_WARN_UNREACHABLE_CODE = YES;
				CLANG_WARN__DUPLICATE_METHOD_MATCH = YES;
				COPY_PHASE_STRIP = NO;
				DEBUG_INFORMATION_FORMAT = "dwarf-with-dsym";
				ENABLE_NS_ASSERTIONS = NO;
				ENABLE_STRICT_OBJC_MSGSEND = YES;
				GCC_C_LANGUAGE_STANDARD = gnu11;
				GCC_NO_COMMON_BLOCKS = YES;
				GCC_WARN_64_TO_32_BIT_CONVERSION = YES;
				GCC_WARN_ABOUT_RETURN_TYPE = YES_ERROR;
				GCC_WARN_UNDECLARED_SELECTOR = YES;
				GCC_WARN_UNINITIALIZED_AUTOS = YES_AGGRESSIVE;
				GCC_WARN_UNUSED_FUNCTION = YES;
				GCC_WARN_UNUSED_VARIABLE = YES;
				IPHONEOS_DEPLOYMENT_TARGET = 16.2;
				MTL_ENABLE_DEBUG_INFO = NO;
				MTL_FAST_MATH = YES;
				SDKROOT = iphoneos;
				SWIFT_COMPILATION_MODE = wholemodule;
				SWIFT_OPTIMIZATION_LEVEL = "-O";
				VALIDATE_PRODUCT = YES;
			};
			name = Release;
		};
		CF24A62C29CA507B0027BFC0 /* Debug */ = {
			isa = XCBuildConfiguration;
			baseConfigurationReference = C24A8D9402334CA220881399 /* Pods-EnglishPremierLeague.debug.xcconfig */;
			buildSettings = {
				ASSETCATALOG_COMPILER_APPICON_NAME = AppIcon;
				ASSETCATALOG_COMPILER_GLOBAL_ACCENT_COLOR_NAME = AccentColor;
				CODE_SIGN_STYLE = Automatic;
				CURRENT_PROJECT_VERSION = 1;
				DEVELOPMENT_ASSET_PATHS = "\"EnglishPremierLeague/Preview Content\"";
				ENABLE_PREVIEWS = YES;
				GENERATE_INFOPLIST_FILE = YES;
				INFOPLIST_KEY_UIApplicationSceneManifest_Generation = YES;
				INFOPLIST_KEY_UIApplicationSupportsIndirectInputEvents = YES;
				INFOPLIST_KEY_UILaunchScreen_Generation = YES;
				INFOPLIST_KEY_UISupportedInterfaceOrientations_iPad = "UIInterfaceOrientationPortrait UIInterfaceOrientationPortraitUpsideDown UIInterfaceOrientationLandscapeLeft UIInterfaceOrientationLandscapeRight";
				INFOPLIST_KEY_UISupportedInterfaceOrientations_iPhone = "UIInterfaceOrientationPortrait UIInterfaceOrientationLandscapeLeft UIInterfaceOrientationLandscapeRight";
				LD_RUNPATH_SEARCH_PATHS = (
					"$(inherited)",
					"@executable_path/Frameworks",
				);
				MARKETING_VERSION = 1.0;
				PRODUCT_BUNDLE_IDENTIFIER = com.MohamedAENasser.EnglishPremierLeague;
				PRODUCT_NAME = "$(TARGET_NAME)";
				SWIFT_EMIT_LOC_STRINGS = YES;
				SWIFT_VERSION = 5.0;
				TARGETED_DEVICE_FAMILY = "1,2";
			};
			name = Debug;
		};
		CF24A62D29CA507B0027BFC0 /* Release */ = {
			isa = XCBuildConfiguration;
			baseConfigurationReference = 6D35F6B0B665266D39E12247 /* Pods-EnglishPremierLeague.release.xcconfig */;
			buildSettings = {
				ASSETCATALOG_COMPILER_APPICON_NAME = AppIcon;
				ASSETCATALOG_COMPILER_GLOBAL_ACCENT_COLOR_NAME = AccentColor;
				CODE_SIGN_STYLE = Automatic;
				CURRENT_PROJECT_VERSION = 1;
				DEVELOPMENT_ASSET_PATHS = "\"EnglishPremierLeague/Preview Content\"";
				ENABLE_PREVIEWS = YES;
				GENERATE_INFOPLIST_FILE = YES;
				INFOPLIST_KEY_UIApplicationSceneManifest_Generation = YES;
				INFOPLIST_KEY_UIApplicationSupportsIndirectInputEvents = YES;
				INFOPLIST_KEY_UILaunchScreen_Generation = YES;
				INFOPLIST_KEY_UISupportedInterfaceOrientations_iPad = "UIInterfaceOrientationPortrait UIInterfaceOrientationPortraitUpsideDown UIInterfaceOrientationLandscapeLeft UIInterfaceOrientationLandscapeRight";
				INFOPLIST_KEY_UISupportedInterfaceOrientations_iPhone = "UIInterfaceOrientationPortrait UIInterfaceOrientationLandscapeLeft UIInterfaceOrientationLandscapeRight";
				LD_RUNPATH_SEARCH_PATHS = (
					"$(inherited)",
					"@executable_path/Frameworks",
				);
				MARKETING_VERSION = 1.0;
				PRODUCT_BUNDLE_IDENTIFIER = com.MohamedAENasser.EnglishPremierLeague;
				PRODUCT_NAME = "$(TARGET_NAME)";
				SWIFT_EMIT_LOC_STRINGS = YES;
				SWIFT_VERSION = 5.0;
				TARGETED_DEVICE_FAMILY = "1,2";
			};
			name = Release;
		};
/* End XCBuildConfiguration section */

/* Begin XCConfigurationList section */
		CF24A61829CA50790027BFC0 /* Build configuration list for PBXProject "EnglishPremierLeague" */ = {
			isa = XCConfigurationList;
			buildConfigurations = (
				CF24A62929CA507B0027BFC0 /* Debug */,
				CF24A62A29CA507B0027BFC0 /* Release */,
			);
			defaultConfigurationIsVisible = 0;
			defaultConfigurationName = Release;
		};
		CF24A62B29CA507B0027BFC0 /* Build configuration list for PBXNativeTarget "EnglishPremierLeague" */ = {
			isa = XCConfigurationList;
			buildConfigurations = (
				CF24A62C29CA507B0027BFC0 /* Debug */,
				CF24A62D29CA507B0027BFC0 /* Release */,
			);
			defaultConfigurationIsVisible = 0;
			defaultConfigurationName = Release;
		};
/* End XCConfigurationList section */
	};
	rootObject = CF24A61529CA50790027BFC0 /* Project object */;
}
